
Microsoft Visual Studio Solution File, Format Version 12.00
# Visual Studio Version 17
VisualStudioVersion = 17.0.32126.317
MinimumVisualStudioVersion = 10.0.40219.1
Project("{FAE04EC0-301F-11D3-BF4B-00C04F79EFBC}") = "MinimalCRUDWebAPI", "MinimalCRUDWebAPI\MinimalCRUDWebAPI.csproj", "{DA4315BA-70FE-468D-8F7E-B96183F903D5}"
EndProject
Global
	GlobalSection(SolutionConfigurationPlatforms) = preSolution
		Debug|Any CPU = Debug|Any CPU
		Release|Any CPU = Release|Any CPU
	EndGlobalSection
	GlobalSection(ProjectConfigurationPlatforms) = postSolution
		{DA4315BA-70FE-468D-8F7E-B96183F903D5}.Debug|Any CPU.ActiveCfg = Debug|Any CPU
		{DA4315BA-70FE-468D-8F7E-B96183F903D5}.Debug|Any CPU.Build.0 = Debug|Any CPU
		{DA4315BA-70FE-468D-8F7E-B96183F903D5}.Release|Any CPU.ActiveCfg = Release|Any CPU
		{DA4315BA-70FE-468D-8F7E-B96183F903D5}.Release|Any CPU.Build.0 = Release|Any CPU
	EndGlobalSection
	GlobalSection(SolutionProperties) = preSolution
		HideSolutionNode = FALSE
	EndGlobalSection
	GlobalSection(ExtensibilityGlobals) = postSolution
		SolutionGuid = {C7BE7B84-65D8-4A60-872D-7218A13644C1}
	EndGlobalSection
EndGlobal
